{
  "nodes": {
    "flake-utils": {
      "locked": {
        "lastModified": 1642700792,
        "narHash": "sha256-XqHrk7hFb+zBvRg6Ghl+AZDq03ov6OshJLiSWOoX5es=",
        "owner": "numtide",
        "repo": "flake-utils",
        "rev": "846b2ae0fc4cc943637d3d1def4454213e203cba",
        "type": "github"
      },
      "original": {
        "owner": "numtide",
        "repo": "flake-utils",
        "type": "github"
      }
    },
    "nixpkgs": {
      "locked": {
        "narHash": "sha256-xQiepgtRj0a2B/ZQDEhGnu26CBh3k2H1z7ZLVaSyjNE=",
        "path": "/nix/store/mhr85z1j18w992kbkrymsgrz3sqhjc50-source",
        "type": "path"
      },
      "original": {
        "id": "nixpkgs",
        "type": "indirect"
      }
    },
    "pnpm2nix": {
      "locked": {
        "narHash": "sha256-zhF94AsvaMmd3kRdHe3peUDhNdzIkeK/o0HitVrWuiM=",
        "path": "/home/rin/Projects/pnpm2nix",
        "type": "path"
      },
      "original": {
        "path": "/home/rin/Projects/pnpm2nix",
        "type": "path"
      }
    },
    "ramune": {
      "flake": false,
      "locked": {
        "lastModified": 1643821295,
        "narHash": "sha256-rCI+DWuZswM1Gjm71VqSLT4zcfSg1wT8FR+P2s9jUzI=",
        "owner": "LavaDesu",
        "repo": "ramune",
        "rev": "e213bd591e369845e21ade8f734f031656ea456a",
        "type": "github"
      },
      "original": {
        "owner": "LavaDesu",
        "ref": "0.0.12",
        "repo": "ramune",
        "type": "github"
      }
    },
    "root": {
      "inputs": {
        "flake-utils": "flake-utils",
        "nixpkgs": "nixpkgs",
        "pnpm2nix": "pnpm2nix",
        "ramune": "ramune"
      }
    }
  },
  "root": "root",
  "version": 7
}
