{
  "nodes": {
    "flake-utils": {
      "locked": {
        "lastModified": 1644229661,
        "narHash": "sha256-1YdnJAsNy69bpcjuoKdOYQX0YxZBiCYZo4Twxerqv7k=",
        "owner": "numtide",
        "repo": "flake-utils",
        "rev": "3cecb5b042f7f209c56ffd8371b2711a290ec797",
        "type": "github"
      },
      "original": {
        "owner": "numtide",
        "repo": "flake-utils",
        "type": "github"
      }
    },
    "nixpkgs": {
      "locked": {
        "narHash": "sha256-GYgVVYIkCIGt/nZMfEaxhoadQH+eyz3eIXynLk4XR2w=",
        "path": "/nix/store/h1xdr4ykx5fhfbp3rys91rb9c8cggph6-source",
        "type": "path"
      },
      "original": {
        "id": "nixpkgs",
        "type": "indirect"
      }
    },
    "pnpm2nix": {
      "locked": {
        "lastModified": 1643819446,
        "narHash": "sha256-FdP9KwevnpiG2a/qSDweFj9ovmCyGPpxr74DBcmkxcs=",
        "owner": "LavaDesu",
        "repo": "pnpm2nix",
        "rev": "cc84a5dbb74e5ac6ece88965e52a48e719d36a24",
        "type": "github"
      },
      "original": {
        "owner": "LavaDesu",
        "ref": "next",
        "repo": "pnpm2nix",
        "type": "github"
      }
    },
    "ramune": {
      "flake": false,
      "locked": {
        "lastModified": 1643821295,
        "narHash": "sha256-rCI+DWuZswM1Gjm71VqSLT4zcfSg1wT8FR+P2s9jUzI=",
        "owner": "LavaDesu",
        "repo": "ramune",
        "rev": "e213bd591e369845e21ade8f734f031656ea456a",
        "type": "github"
      },
      "original": {
        "owner": "LavaDesu",
        "ref": "0.0.12",
        "repo": "ramune",
        "type": "github"
      }
    },
    "root": {
      "inputs": {
        "flake-utils": "flake-utils",
        "nixpkgs": "nixpkgs",
        "pnpm2nix": "pnpm2nix",
        "ramune": "ramune"
      }
    }
  },
  "root": "root",
  "version": 7
}
